{
  "object": {
    "pins": [
      {
        "package": "Tree",
        "repositoryURL": "https://github.com/paulicelli/Tree",
        "state": {
          "branch": null,
          "revision": "132af3917d262957a948abe21e81ed20f9657a8c",
          "version": "0.0.1"
        }
      }
    ]
  },
  "version": 1
}
